
Microsoft Visual Studio Solution File, Format Version 12.00
# Visual Studio 15
VisualStudioVersion = 15.0.27428.2015
MinimumVisualStudioVersion = 10.0.40219.1
Project("{8BC9CEB8-8B4A-11D0-8D11-00A0C91BC942}") = "190521", "190521\190521.vcxproj", "{044EE0A9-4D08-49CE-A9CE-9C3048C5CF5D}"
EndProject
Global
	GlobalSection(SolutionConfigurationPlatforms) = preSolution
		Debug|x64 = Debug|x64
		Debug|x86 = Debug|x86
		Release|x64 = Release|x64
		Release|x86 = Release|x86
	EndGlobalSection
	GlobalSection(ProjectConfigurationPlatforms) = postSolution
		{044EE0A9-4D08-49CE-A9CE-9C3048C5CF5D}.Debug|x64.ActiveCfg = Debug|x64
		{044EE0A9-4D08-49CE-A9CE-9C3048C5CF5D}.Debug|x64.Build.0 = Debug|x64
		{044EE0A9-4D08-49CE-A9CE-9C3048C5CF5D}.Debug|x86.ActiveCfg = Debug|Win32
		{044EE0A9-4D08-49CE-A9CE-9C3048C5CF5D}.Debug|x86.Build.0 = Debug|Win32
		{044EE0A9-4D08-49CE-A9CE-9C3048C5CF5D}.Release|x64.ActiveCfg = Release|x64
		{044EE0A9-4D08-49CE-A9CE-9C3048C5CF5D}.Release|x64.Build.0 = Release|x64
		{044EE0A9-4D08-49CE-A9CE-9C3048C5CF5D}.Release|x86.ActiveCfg = Release|Win32
		{044EE0A9-4D08-49CE-A9CE-9C3048C5CF5D}.Release|x86.Build.0 = Release|Win32
	EndGlobalSection
	GlobalSection(SolutionProperties) = preSolution
		HideSolutionNode = FALSE
	EndGlobalSection
	GlobalSection(ExtensibilityGlobals) = postSolution
		SolutionGuid = {580C330C-8651-489C-9380-4CCB8E5DCD30}
	EndGlobalSection
EndGlobal
