
Microsoft Visual Studio Solution File, Format Version 12.00
# Visual Studio 15
VisualStudioVersion = 15.0.27428.2015
MinimumVisualStudioVersion = 10.0.40219.1
Project("{8BC9CEB8-8B4A-11D0-8D11-00A0C91BC942}") = "190919", "190919\190919.vcxproj", "{EAB615FB-B917-4116-8230-95A21FC160D1}"
EndProject
Global
	GlobalSection(SolutionConfigurationPlatforms) = preSolution
		Debug|x64 = Debug|x64
		Debug|x86 = Debug|x86
		Release|x64 = Release|x64
		Release|x86 = Release|x86
	EndGlobalSection
	GlobalSection(ProjectConfigurationPlatforms) = postSolution
		{EAB615FB-B917-4116-8230-95A21FC160D1}.Debug|x64.ActiveCfg = Debug|x64
		{EAB615FB-B917-4116-8230-95A21FC160D1}.Debug|x64.Build.0 = Debug|x64
		{EAB615FB-B917-4116-8230-95A21FC160D1}.Debug|x86.ActiveCfg = Debug|Win32
		{EAB615FB-B917-4116-8230-95A21FC160D1}.Debug|x86.Build.0 = Debug|Win32
		{EAB615FB-B917-4116-8230-95A21FC160D1}.Release|x64.ActiveCfg = Release|x64
		{EAB615FB-B917-4116-8230-95A21FC160D1}.Release|x64.Build.0 = Release|x64
		{EAB615FB-B917-4116-8230-95A21FC160D1}.Release|x86.ActiveCfg = Release|Win32
		{EAB615FB-B917-4116-8230-95A21FC160D1}.Release|x86.Build.0 = Release|Win32
	EndGlobalSection
	GlobalSection(SolutionProperties) = preSolution
		HideSolutionNode = FALSE
	EndGlobalSection
	GlobalSection(ExtensibilityGlobals) = postSolution
		SolutionGuid = {011324B0-F351-49B2-933A-EF6B1BABA02D}
	EndGlobalSection
EndGlobal
