
Microsoft Visual Studio Solution File, Format Version 12.00
# Visual Studio 15
VisualStudioVersion = 15.0.27428.2015
MinimumVisualStudioVersion = 10.0.40219.1
Project("{8BC9CEB8-8B4A-11D0-8D11-00A0C91BC942}") = "191112", "191112\191112.vcxproj", "{7E67A3B4-41AA-4A93-8F90-606D8AB60A42}"
EndProject
Global
	GlobalSection(SolutionConfigurationPlatforms) = preSolution
		Debug|x64 = Debug|x64
		Debug|x86 = Debug|x86
		Release|x64 = Release|x64
		Release|x86 = Release|x86
	EndGlobalSection
	GlobalSection(ProjectConfigurationPlatforms) = postSolution
		{7E67A3B4-41AA-4A93-8F90-606D8AB60A42}.Debug|x64.ActiveCfg = Debug|x64
		{7E67A3B4-41AA-4A93-8F90-606D8AB60A42}.Debug|x64.Build.0 = Debug|x64
		{7E67A3B4-41AA-4A93-8F90-606D8AB60A42}.Debug|x86.ActiveCfg = Debug|Win32
		{7E67A3B4-41AA-4A93-8F90-606D8AB60A42}.Debug|x86.Build.0 = Debug|Win32
		{7E67A3B4-41AA-4A93-8F90-606D8AB60A42}.Release|x64.ActiveCfg = Release|x64
		{7E67A3B4-41AA-4A93-8F90-606D8AB60A42}.Release|x64.Build.0 = Release|x64
		{7E67A3B4-41AA-4A93-8F90-606D8AB60A42}.Release|x86.ActiveCfg = Release|Win32
		{7E67A3B4-41AA-4A93-8F90-606D8AB60A42}.Release|x86.Build.0 = Release|Win32
	EndGlobalSection
	GlobalSection(SolutionProperties) = preSolution
		HideSolutionNode = FALSE
	EndGlobalSection
	GlobalSection(ExtensibilityGlobals) = postSolution
		SolutionGuid = {09434A50-ACA3-4202-A225-F1A555088E8A}
	EndGlobalSection
EndGlobal
