
Microsoft Visual Studio Solution File, Format Version 12.00
# Visual Studio 15
VisualStudioVersion = 15.0.27428.2015
MinimumVisualStudioVersion = 10.0.40219.1
Project("{8BC9CEB8-8B4A-11D0-8D11-00A0C91BC942}") = "190611", "190611\190611.vcxproj", "{7EACBD91-C25F-414D-8D52-085B94F0172E}"
EndProject
Global
	GlobalSection(SolutionConfigurationPlatforms) = preSolution
		Debug|x64 = Debug|x64
		Debug|x86 = Debug|x86
		Release|x64 = Release|x64
		Release|x86 = Release|x86
	EndGlobalSection
	GlobalSection(ProjectConfigurationPlatforms) = postSolution
		{7EACBD91-C25F-414D-8D52-085B94F0172E}.Debug|x64.ActiveCfg = Debug|x64
		{7EACBD91-C25F-414D-8D52-085B94F0172E}.Debug|x64.Build.0 = Debug|x64
		{7EACBD91-C25F-414D-8D52-085B94F0172E}.Debug|x86.ActiveCfg = Debug|Win32
		{7EACBD91-C25F-414D-8D52-085B94F0172E}.Debug|x86.Build.0 = Debug|Win32
		{7EACBD91-C25F-414D-8D52-085B94F0172E}.Release|x64.ActiveCfg = Release|x64
		{7EACBD91-C25F-414D-8D52-085B94F0172E}.Release|x64.Build.0 = Release|x64
		{7EACBD91-C25F-414D-8D52-085B94F0172E}.Release|x86.ActiveCfg = Release|Win32
		{7EACBD91-C25F-414D-8D52-085B94F0172E}.Release|x86.Build.0 = Release|Win32
	EndGlobalSection
	GlobalSection(SolutionProperties) = preSolution
		HideSolutionNode = FALSE
	EndGlobalSection
	GlobalSection(ExtensibilityGlobals) = postSolution
		SolutionGuid = {95CE5736-4C3C-492F-95E8-ED1CDA40089F}
	EndGlobalSection
EndGlobal
